
Microsoft Visual Studio Solution File, Format Version 12.00
# Visual Studio Version 17
VisualStudioVersion = 17.6.33815.320
MinimumVisualStudioVersion = 10.0.40219.1
Project("{FAE04EC0-301F-11D3-BF4B-00C04F79EFBC}") = "Gym", "Gym\Gym.csproj", "{8D1BE031-F72F-4E14-84ED-9C4C3B0C1495}"
EndProject
Global
	GlobalSection(SolutionConfigurationPlatforms) = preSolution
		Debug|Any CPU = Debug|Any CPU
		Release|Any CPU = Release|Any CPU
	EndGlobalSection
	GlobalSection(ProjectConfigurationPlatforms) = postSolution
		{8D1BE031-F72F-4E14-84ED-9C4C3B0C1495}.Debug|Any CPU.ActiveCfg = Debug|Any CPU
		{8D1BE031-F72F-4E14-84ED-9C4C3B0C1495}.Debug|Any CPU.Build.0 = Debug|Any CPU
		{8D1BE031-F72F-4E14-84ED-9C4C3B0C1495}.Release|Any CPU.ActiveCfg = Release|Any CPU
		{8D1BE031-F72F-4E14-84ED-9C4C3B0C1495}.Release|Any CPU.Build.0 = Release|Any CPU
	EndGlobalSection
	GlobalSection(SolutionProperties) = preSolution
		HideSolutionNode = FALSE
	EndGlobalSection
	GlobalSection(ExtensibilityGlobals) = postSolution
		SolutionGuid = {1A27B574-48C2-4CE6-9686-2C9CF5196F33}
	EndGlobalSection
EndGlobal
